{
  "name": "cp-zen-frontend",
  "version": "1.0.87",
  "lockfileVersion": 1,
  "requires": true,
  "dependencies": {
    "vue-multiselect": {
      "version": "2.1.0",
      "resolved": "https://registry.npmjs.org/vue-multiselect/-/vue-multiselect-2.1.0.tgz",
      "integrity": "sha512-mEhApxZ6MUISGLuGDy0RF5UlAKUgG/Qq0DWYE/C+CA1h6ZszM3cHfpNFfFm2AMWLclY2SAWpY1HlQLjsw8WnvQ=="
    }
  }
}
